
Microsoft Visual Studio Solution File, Format Version 12.00
# Visual Studio Version 16
VisualStudioVersion = 16.0.30611.23
MinimumVisualStudioVersion = 10.0.40219.1
Project("{8BC9CEB8-8B4A-11D0-8D11-00A0C91BC942}") = "Project16", "Project16.vcxproj", "{6F8D56DD-21B3-4EF3-AC4D-DAD2D168C75E}"
EndProject
Global
	GlobalSection(SolutionConfigurationPlatforms) = preSolution
		Debug|x64 = Debug|x64
		Debug|x86 = Debug|x86
		Release|x64 = Release|x64
		Release|x86 = Release|x86
	EndGlobalSection
	GlobalSection(ProjectConfigurationPlatforms) = postSolution
		{6F8D56DD-21B3-4EF3-AC4D-DAD2D168C75E}.Debug|x64.ActiveCfg = Debug|x64
		{6F8D56DD-21B3-4EF3-AC4D-DAD2D168C75E}.Debug|x64.Build.0 = Debug|x64
		{6F8D56DD-21B3-4EF3-AC4D-DAD2D168C75E}.Debug|x86.ActiveCfg = Debug|Win32
		{6F8D56DD-21B3-4EF3-AC4D-DAD2D168C75E}.Debug|x86.Build.0 = Debug|Win32
		{6F8D56DD-21B3-4EF3-AC4D-DAD2D168C75E}.Release|x64.ActiveCfg = Release|x64
		{6F8D56DD-21B3-4EF3-AC4D-DAD2D168C75E}.Release|x64.Build.0 = Release|x64
		{6F8D56DD-21B3-4EF3-AC4D-DAD2D168C75E}.Release|x86.ActiveCfg = Release|Win32
		{6F8D56DD-21B3-4EF3-AC4D-DAD2D168C75E}.Release|x86.Build.0 = Release|Win32
	EndGlobalSection
	GlobalSection(SolutionProperties) = preSolution
		HideSolutionNode = FALSE
	EndGlobalSection
	GlobalSection(ExtensibilityGlobals) = postSolution
		SolutionGuid = {742A8EC6-CC81-4B70-A002-848F2E807277}
	EndGlobalSection
EndGlobal
